<?xml version="1.0" encoding="utf-8"?>
<Project ToolsVersion="4.0" xmlns="http://schemas.microsoft.com/developer/msbuild/2003">
  <ItemGroup>
    <Filter Include="Source Files">
      <UniqueIdentifier>{4FC737F1-C7A5-4376-A066-2A32D752A2FF}</UniqueIdentifier>
      <Extensions>cpp;c;cc;cxx;c++;cppm;ixx;def;odl;idl;hpj;bat;asm;asmx</Extensions>
    </Filter>
    <Filter Include="Header Files">
      <UniqueIdentifier>{93995380-89BD-4b04-88EB-625FBE52EBFB}</UniqueIdentifier>
      <Extensions>h;hh;hpp;hxx;h++;hm;inl;inc;ipp;xsd</Extensions>
    </Filter>
    <Filter Include="Resource Files">
      <UniqueIdentifier>{67DA6AB6-F800-4c08-8B7A-83BB121AAD01}</UniqueIdentifier>
      <Extensions>rc;ico;cur;bmp;dlg;rc2;rct;bin;rgs;gif;jpg;jpeg;jpe;resx;tiff;tif;png;wav;mfcribbon-ms</Extensions>
    </Filter>
  </ItemGroup>
  <ItemGroup>
    <ClCompile Include="skasymmetricunit.cpp">
      <Filter>Source Files</Filter>
    </ClCompile>
    <ClCompile Include="skasymmetricunit.ixx">
      <Filter>Source Files</Filter>
    </ClCompile>
    <ClCompile Include="skdefinitions.ixx">
      <Filter>Source Files</Filter>
    </ClCompile>
    <ClCompile Include="skintegerchangeofbasis.cpp">
      <Filter>Source Files</Filter>
    </ClCompile>
    <ClCompile Include="skintegerchangeofbasis.ixx">
      <Filter>Source Files</Filter>
    </ClCompile>
    <ClCompile Include="skintegersymmetryoperationset.cpp">
      <Filter>Source Files</Filter>
    </ClCompile>
    <ClCompile Include="skintegersymmetryoperationset.ixx">
      <Filter>Source Files</Filter>
    </ClCompile>
    <ClCompile Include="skonethirdseitzmatrix.cpp">
      <Filter>Source Files</Filter>
    </ClCompile>
    <ClCompile Include="skonethirdseitzmatrix.ixx">
      <Filter>Source Files</Filter>
    </ClCompile>
    <ClCompile Include="skpointgroup.cpp">
      <Filter>Source Files</Filter>
    </ClCompile>
    <ClCompile Include="skpointgroup.ixx">
      <Filter>Source Files</Filter>
    </ClCompile>
    <ClCompile Include="skpointsymmetryset.cpp">
      <Filter>Source Files</Filter>
    </ClCompile>
    <ClCompile Include="skpointsymmetryset.ixx">
      <Filter>Source Files</Filter>
    </ClCompile>
    <ClCompile Include="skrotationalchangeofbasis.cpp">
      <Filter>Source Files</Filter>
    </ClCompile>
    <ClCompile Include="skrotationalchangeofbasis.ixx">
      <Filter>Source Files</Filter>
    </ClCompile>
    <ClCompile Include="skrotationaloccurancetable.cpp">
      <Filter>Source Files</Filter>
    </ClCompile>
    <ClCompile Include="skrotationaloccurancetable.ixx">
      <Filter>Source Files</Filter>
    </ClCompile>
    <ClCompile Include="skrotationmatrix.cpp">
      <Filter>Source Files</Filter>
    </ClCompile>
    <ClCompile Include="skrotationmatrix.ixx">
      <Filter>Source Files</Filter>
    </ClCompile>
    <ClCompile Include="skseitzintegermatrix.cpp">
      <Filter>Source Files</Filter>
    </ClCompile>
    <ClCompile Include="skseitzintegermatrix.ixx">
      <Filter>Source Files</Filter>
    </ClCompile>
    <ClCompile Include="skseitzmatrix.cpp">
      <Filter>Source Files</Filter>
    </ClCompile>
    <ClCompile Include="skseitzmatrix.ixx">
      <Filter>Source Files</Filter>
    </ClCompile>
    <ClCompile Include="skspacegroup.cpp">
      <Filter>Source Files</Filter>
    </ClCompile>
    <ClCompile Include="skspacegroup.ixx">
      <Filter>Source Files</Filter>
    </ClCompile>
    <ClCompile Include="skspacegroupdatabase.cpp">
      <Filter>Source Files</Filter>
    </ClCompile>
    <ClCompile Include="skspacegroupdatabase.ixx">
      <Filter>Source Files</Filter>
    </ClCompile>
    <ClCompile Include="skspacegroupsetting.cpp">
      <Filter>Source Files</Filter>
    </ClCompile>
    <ClCompile Include="skspacegroupsetting.ixx">
      <Filter>Source Files</Filter>
    </ClCompile>
    <ClCompile Include="sksymmetrycell.cpp">
      <Filter>Source Files</Filter>
    </ClCompile>
    <ClCompile Include="sksymmetrycell.ixx">
      <Filter>Source Files</Filter>
    </ClCompile>
    <ClCompile Include="sksymmetryoperationset.cpp">
      <Filter>Source Files</Filter>
    </ClCompile>
    <ClCompile Include="sksymmetryoperationset.ixx">
      <Filter>Source Files</Filter>
    </ClCompile>
    <ClCompile Include="sktransformationmatrix.cpp">
      <Filter>Source Files</Filter>
    </ClCompile>
    <ClCompile Include="sktransformationmatrix.ixx">
      <Filter>Source Files</Filter>
    </ClCompile>
    <ClCompile Include="skparser.ixx">
      <Filter>Source Files</Filter>
    </ClCompile>
    <ClCompile Include="skparser.cpp">
      <Filter>Source Files</Filter>
    </ClCompile>
    <ClCompile Include="skstructure.ixx">
      <Filter>Source Files</Filter>
    </ClCompile>
    <ClCompile Include="skstructure.cpp">
      <Filter>Source Files</Filter>
    </ClCompile>
    <ClCompile Include="skcell.ixx">
      <Filter>Source Files</Filter>
    </ClCompile>
    <ClCompile Include="skcell.cpp">
      <Filter>Source Files</Filter>
    </ClCompile>
    <ClCompile Include="skboundingbox.cpp">
      <Filter>Source Files</Filter>
    </ClCompile>
    <ClCompile Include="skboundingbox.ixx">
      <Filter>Source Files</Filter>
    </ClCompile>
    <ClCompile Include="skasymmetricatom.ixx">
      <Filter>Source Files</Filter>
    </ClCompile>
    <ClCompile Include="skasymmetricatom.cpp">
      <Filter>Source Files</Filter>
    </ClCompile>
    <ClCompile Include="skatomcopy.cpp">
      <Filter>Source Files</Filter>
    </ClCompile>
    <ClCompile Include="skatomcopy.ixx">
      <Filter>Source Files</Filter>
    </ClCompile>
    <ClCompile Include="skelement.ixx">
      <Filter>Source Files</Filter>
    </ClCompile>
    <ClCompile Include="skelement.cpp">
      <Filter>Source Files</Filter>
    </ClCompile>
    <ClCompile Include="skposcarlegacyparser.cpp">
      <Filter>Source Files</Filter>
    </ClCompile>
    <ClCompile Include="skposcarlegacyparser.ixx">
      <Filter>Source Files</Filter>
    </ClCompile>
    <ClCompile Include="skposcarparser.ixx">
      <Filter>Source Files</Filter>
    </ClCompile>
    <ClCompile Include="skposcarparser.cpp">
      <Filter>Source Files</Filter>
    </ClCompile>
  </ItemGroup>
</Project>