Microsoft Visual Studio Solution File, Format Version 12.00
# Visual Studio Version 17
VisualStudioVersion = 17.0.32112.339
MinimumVisualStudioVersion = 10.0.40219.1
Project("{8BC9CEB8-8B4A-11D0-8D11-00A0C91BC942}") = "raspa3", "raspa3\raspa3.vcxproj", "{7C13F2EE-D7FD-4218-AE92-A34E631AB627}"
EndProject
Project("{8BC9CEB8-8B4A-11D0-8D11-00A0C91BC942}") = "mathkit", "mathkit\mathkit.vcxproj", "{F6F13CAB-7A0D-4F6F-A4CB-8B82D5CB068A}"
EndProject
Project("{8BC9CEB8-8B4A-11D0-8D11-00A0C91BC942}") = "foundationkit", "foundationkit\foundationkit.vcxproj", "{4585B145-AA54-4104-8D12-89082FB5DFA5}"
EndProject
Project("{8BC9CEB8-8B4A-11D0-8D11-00A0C91BC942}") = "symmetrykit", "symmetrykit\symmetrykit.vcxproj", "{5BE53F4F-174C-4CB4-AE74-65449138A7CC}"
	ProjectSection(ProjectDependencies) = postProject
		{4585B145-AA54-4104-8D12-89082FB5DFA5} = {4585B145-AA54-4104-8D12-89082FB5DFA5}
		{F6F13CAB-7A0D-4F6F-A4CB-8B82D5CB068A} = {F6F13CAB-7A0D-4F6F-A4CB-8B82D5CB068A}
	EndProjectSection
EndProject
Project("{8BC9CEB8-8B4A-11D0-8D11-00A0C91BC942}") = "raspakit", "raspakit\raspakit.vcxproj", "{DE831E79-E786-492F-820D-4CBA2A69BF4D}"
EndProject
Project("{8BC9CEB8-8B4A-11D0-8D11-00A0C91BC942}") = "raspakit-tests", "raspakit-tests\raspakit-tests.vcxproj", "{6E00CB4C-3528-4FF3-A083-EBBC9D6FC8C1}"
EndProject
Project("{8BC9CEB8-8B4A-11D0-8D11-00A0C91BC942}") = "symmetrykit-tests", "symmetrykit-tests\symmetrykit-tests.vcxproj", "{C32EC8A9-75C9-421D-9816-3D517F09248B}"
EndProject
Project("{8BC9CEB8-8B4A-11D0-8D11-00A0C91BC942}") = "math-tests", "math-tests\math-tests.vcxproj", "{D8A97810-1C8F-46CC-B964-5E9BAC4C3EFA}"
EndProject
Global
	GlobalSection(SolutionConfigurationPlatforms) = preSolution
		Debug|x64 = Debug|x64
		Debug|x86 = Debug|x86
		Release|x64 = Release|x64
		Release|x86 = Release|x86
	EndGlobalSection
	GlobalSection(ProjectConfigurationPlatforms) = postSolution
		{7C13F2EE-D7FD-4218-AE92-A34E631AB627}.Debug|x64.ActiveCfg = Debug|x64
		{7C13F2EE-D7FD-4218-AE92-A34E631AB627}.Debug|x64.Build.0 = Debug|x64
		{7C13F2EE-D7FD-4218-AE92-A34E631AB627}.Debug|x86.ActiveCfg = Debug|Win32
		{7C13F2EE-D7FD-4218-AE92-A34E631AB627}.Debug|x86.Build.0 = Debug|Win32
		{7C13F2EE-D7FD-4218-AE92-A34E631AB627}.Release|x64.ActiveCfg = Release|x64
		{7C13F2EE-D7FD-4218-AE92-A34E631AB627}.Release|x64.Build.0 = Release|x64
		{7C13F2EE-D7FD-4218-AE92-A34E631AB627}.Release|x86.ActiveCfg = Release|Win32
		{7C13F2EE-D7FD-4218-AE92-A34E631AB627}.Release|x86.Build.0 = Release|Win32
		{F6F13CAB-7A0D-4F6F-A4CB-8B82D5CB068A}.Debug|x64.ActiveCfg = Debug|x64
		{F6F13CAB-7A0D-4F6F-A4CB-8B82D5CB068A}.Debug|x64.Build.0 = Debug|x64
		{F6F13CAB-7A0D-4F6F-A4CB-8B82D5CB068A}.Debug|x86.ActiveCfg = Debug|Win32
		{F6F13CAB-7A0D-4F6F-A4CB-8B82D5CB068A}.Debug|x86.Build.0 = Debug|Win32
		{F6F13CAB-7A0D-4F6F-A4CB-8B82D5CB068A}.Release|x64.ActiveCfg = Release|x64
		{F6F13CAB-7A0D-4F6F-A4CB-8B82D5CB068A}.Release|x64.Build.0 = Release|x64
		{F6F13CAB-7A0D-4F6F-A4CB-8B82D5CB068A}.Release|x86.ActiveCfg = Release|Win32
		{F6F13CAB-7A0D-4F6F-A4CB-8B82D5CB068A}.Release|x86.Build.0 = Release|Win32
		{4585B145-AA54-4104-8D12-89082FB5DFA5}.Debug|x64.ActiveCfg = Debug|x64
		{4585B145-AA54-4104-8D12-89082FB5DFA5}.Debug|x64.Build.0 = Debug|x64
		{4585B145-AA54-4104-8D12-89082FB5DFA5}.Debug|x86.ActiveCfg = Debug|Win32
		{4585B145-AA54-4104-8D12-89082FB5DFA5}.Debug|x86.Build.0 = Debug|Win32
		{4585B145-AA54-4104-8D12-89082FB5DFA5}.Release|x64.ActiveCfg = Release|x64
		{4585B145-AA54-4104-8D12-89082FB5DFA5}.Release|x64.Build.0 = Release|x64
		{4585B145-AA54-4104-8D12-89082FB5DFA5}.Release|x86.ActiveCfg = Release|Win32
		{4585B145-AA54-4104-8D12-89082FB5DFA5}.Release|x86.Build.0 = Release|Win32
		{5BE53F4F-174C-4CB4-AE74-65449138A7CC}.Debug|x64.ActiveCfg = Debug|x64
		{5BE53F4F-174C-4CB4-AE74-65449138A7CC}.Debug|x64.Build.0 = Debug|x64
		{5BE53F4F-174C-4CB4-AE74-65449138A7CC}.Debug|x86.ActiveCfg = Debug|Win32
		{5BE53F4F-174C-4CB4-AE74-65449138A7CC}.Debug|x86.Build.0 = Debug|Win32
		{5BE53F4F-174C-4CB4-AE74-65449138A7CC}.Release|x64.ActiveCfg = Release|x64
		{5BE53F4F-174C-4CB4-AE74-65449138A7CC}.Release|x64.Build.0 = Release|x64
		{5BE53F4F-174C-4CB4-AE74-65449138A7CC}.Release|x86.ActiveCfg = Release|Win32
		{5BE53F4F-174C-4CB4-AE74-65449138A7CC}.Release|x86.Build.0 = Release|Win32
		{DE831E79-E786-492F-820D-4CBA2A69BF4D}.Debug|x64.ActiveCfg = Debug|x64
		{DE831E79-E786-492F-820D-4CBA2A69BF4D}.Debug|x64.Build.0 = Debug|x64
		{DE831E79-E786-492F-820D-4CBA2A69BF4D}.Debug|x86.ActiveCfg = Debug|Win32
		{DE831E79-E786-492F-820D-4CBA2A69BF4D}.Debug|x86.Build.0 = Debug|Win32
		{DE831E79-E786-492F-820D-4CBA2A69BF4D}.Release|x64.ActiveCfg = Release|x64
		{DE831E79-E786-492F-820D-4CBA2A69BF4D}.Release|x64.Build.0 = Release|x64
		{DE831E79-E786-492F-820D-4CBA2A69BF4D}.Release|x86.ActiveCfg = Release|Win32
		{DE831E79-E786-492F-820D-4CBA2A69BF4D}.Release|x86.Build.0 = Release|Win32
		{6E00CB4C-3528-4FF3-A083-EBBC9D6FC8C1}.Debug|x64.ActiveCfg = Debug|x64
		{6E00CB4C-3528-4FF3-A083-EBBC9D6FC8C1}.Debug|x64.Build.0 = Debug|x64
		{6E00CB4C-3528-4FF3-A083-EBBC9D6FC8C1}.Debug|x86.ActiveCfg = Debug|Win32
		{6E00CB4C-3528-4FF3-A083-EBBC9D6FC8C1}.Debug|x86.Build.0 = Debug|Win32
		{6E00CB4C-3528-4FF3-A083-EBBC9D6FC8C1}.Release|x64.ActiveCfg = Release|x64
		{6E00CB4C-3528-4FF3-A083-EBBC9D6FC8C1}.Release|x64.Build.0 = Release|x64
		{6E00CB4C-3528-4FF3-A083-EBBC9D6FC8C1}.Release|x86.ActiveCfg = Release|Win32
		{6E00CB4C-3528-4FF3-A083-EBBC9D6FC8C1}.Release|x86.Build.0 = Release|Win32
		{C32EC8A9-75C9-421D-9816-3D517F09248B}.Debug|x64.ActiveCfg = Debug|x64
		{C32EC8A9-75C9-421D-9816-3D517F09248B}.Debug|x64.Build.0 = Debug|x64
		{C32EC8A9-75C9-421D-9816-3D517F09248B}.Debug|x86.ActiveCfg = Debug|Win32
		{C32EC8A9-75C9-421D-9816-3D517F09248B}.Debug|x86.Build.0 = Debug|Win32
		{C32EC8A9-75C9-421D-9816-3D517F09248B}.Release|x64.ActiveCfg = Release|x64
		{C32EC8A9-75C9-421D-9816-3D517F09248B}.Release|x64.Build.0 = Release|x64
		{C32EC8A9-75C9-421D-9816-3D517F09248B}.Release|x86.ActiveCfg = Release|Win32
		{C32EC8A9-75C9-421D-9816-3D517F09248B}.Release|x86.Build.0 = Release|Win32
		{D8A97810-1C8F-46CC-B964-5E9BAC4C3EFA}.Debug|x64.ActiveCfg = Debug|x64
		{D8A97810-1C8F-46CC-B964-5E9BAC4C3EFA}.Debug|x64.Build.0 = Debug|x64
		{D8A97810-1C8F-46CC-B964-5E9BAC4C3EFA}.Debug|x86.ActiveCfg = Debug|Win32
		{D8A97810-1C8F-46CC-B964-5E9BAC4C3EFA}.Debug|x86.Build.0 = Debug|Win32
		{D8A97810-1C8F-46CC-B964-5E9BAC4C3EFA}.Release|x64.ActiveCfg = Release|x64
		{D8A97810-1C8F-46CC-B964-5E9BAC4C3EFA}.Release|x64.Build.0 = Release|x64
		{D8A97810-1C8F-46CC-B964-5E9BAC4C3EFA}.Release|x86.ActiveCfg = Release|Win32
		{D8A97810-1C8F-46CC-B964-5E9BAC4C3EFA}.Release|x86.Build.0 = Release|Win32
	EndGlobalSection
	GlobalSection(SolutionProperties) = preSolution
		HideSolutionNode = FALSE
	EndGlobalSection
	GlobalSection(ExtensibilityGlobals) = postSolution
		SolutionGuid = {61AA90D3-D4D9-49B0-AAA6-D30E41B8A905}
	EndGlobalSection
EndGlobal
